
Microsoft Visual Studio Solution File, Format Version 12.00
# Visual Studio Version 17
VisualStudioVersion = 17.5.002.0
MinimumVisualStudioVersion = 10.0.40219.1
Project("{9A19103F-16F7-4668-BE54-9A1E7A4F7556}") = "DataAccess", "DataAccess.csproj", "{543AED85-58D9-4C75-A017-24FF3FADDFDC}"
EndProject
Global
	GlobalSection(SolutionConfigurationPlatforms) = preSolution
		Debug|Any CPU = Debug|Any CPU
		Release|Any CPU = Release|Any CPU
	EndGlobalSection
	GlobalSection(ProjectConfigurationPlatforms) = postSolution
		{543AED85-58D9-4C75-A017-24FF3FADDFDC}.Debug|Any CPU.ActiveCfg = Debug|Any CPU
		{543AED85-58D9-4C75-A017-24FF3FADDFDC}.Debug|Any CPU.Build.0 = Debug|Any CPU
		{543AED85-58D9-4C75-A017-24FF3FADDFDC}.Release|Any CPU.ActiveCfg = Release|Any CPU
		{543AED85-58D9-4C75-A017-24FF3FADDFDC}.Release|Any CPU.Build.0 = Release|Any CPU
	EndGlobalSection
	GlobalSection(SolutionProperties) = preSolution
		HideSolutionNode = FALSE
	EndGlobalSection
	GlobalSection(ExtensibilityGlobals) = postSolution
		SolutionGuid = {49F4B23E-F85E-4039-A765-282B31D5F97F}
	EndGlobalSection
EndGlobal
